
Microsoft Visual Studio Solution File, Format Version 12.00
# Visual Studio Version 17
VisualStudioVersion = 17.6.33723.286
MinimumVisualStudioVersion = 10.0.40219.1
Project("{FAE04EC0-301F-11D3-BF4B-00C04F79EFBC}") = "EstateWebAPI", "EstateWebAPI\EstateWebAPI.csproj", "{7AF6E879-26B1-437E-ACE7-CB5C49B67F45}"
EndProject
Global
	GlobalSection(SolutionConfigurationPlatforms) = preSolution
		Debug|Any CPU = Debug|Any CPU
		Release|Any CPU = Release|Any CPU
	EndGlobalSection
	GlobalSection(ProjectConfigurationPlatforms) = postSolution
		{7AF6E879-26B1-437E-ACE7-CB5C49B67F45}.Debug|Any CPU.ActiveCfg = Debug|Any CPU
		{7AF6E879-26B1-437E-ACE7-CB5C49B67F45}.Debug|Any CPU.Build.0 = Debug|Any CPU
		{7AF6E879-26B1-437E-ACE7-CB5C49B67F45}.Release|Any CPU.ActiveCfg = Release|Any CPU
		{7AF6E879-26B1-437E-ACE7-CB5C49B67F45}.Release|Any CPU.Build.0 = Release|Any CPU
	EndGlobalSection
	GlobalSection(SolutionProperties) = preSolution
		HideSolutionNode = FALSE
	EndGlobalSection
	GlobalSection(ExtensibilityGlobals) = postSolution
		SolutionGuid = {F8A0E3A8-52F8-4DD2-95DD-CB25B15AAC5F}
	EndGlobalSection
EndGlobal
